# Code generated by scarb DO NOT EDIT.
version = 1

[[package]]
name = "falcon"
version = "0.1.0"
dependencies = [
 "snforge_std",
]

[[package]]
name = "snforge_scarb_plugin"
version = "0.59.0"
source = "git+https://github.com/foundry-rs/starknet-foundry?tag=v0.59.0#f44def2e615f76bea93808b95118d864b4531ad5"

[[package]]
name = "snforge_std"
version = "0.59.0"
source = "git+https://github.com/foundry-rs/starknet-foundry?tag=v0.59.0#f44def2e615f76bea93808b95118d864b4531ad5"
dependencies = [
 "snforge_scarb_plugin",
]
